// !$*UTF8*$!
{
	archiveVersion = 1;
	classes = {
	};
	objectVersion = 48;
	objects = {

/* Begin PBXBuildFile section */
		BAE275F0201E1EE000D2CB29 /* AppDelegate.swift in Sources */ = {isa = PBXBuildFile; fileRef = BAE275EF201E1EE000D2CB29 /* AppDelegate.swift */; };
		BAE275F2201E1EE000D2CB29 /* ViewController.swift in Sources */ = {isa = PBXBuildFile; fileRef = BAE275F1201E1EE000D2CB29 /* ViewController.swift */; };
		BAE275F5201E1EE000D2CB29 /* Main.storyboard in Resources */ = {isa = PBXBuildFile; fileRef = BAE275F3201E1EE000D2CB29 /* Main.storyboard */; };
		BAE275F8201E1EE000D2CB29 /* authdemo1.xcdatamodeld in Sources */ = {isa = PBXBuildFile; fileRef = BAE275F6201E1EE000D2CB29 /* authdemo1.xcdatamodeld */; };
		BAE275FA201E1EE000D2CB29 /* Assets.xcassets in Resources */ = {isa = PBXBuildFile; fileRef = BAE275F9201E1EE000D2CB29 /* Assets.xcassets */; };
		BAE275FD201E1EE000D2CB29 /* LaunchScreen.storyboard in Resources */ = {isa = PBXBuildFile; fileRef = BAE275FB201E1EE000D2CB29 /* LaunchScreen.storyboard */; };
/* End PBXBuildFile section */

/* Begin PBXFileReference section */
		BAE275EC201E1EE000D2CB29 /* authdemo1.app */ = {isa = PBXFileReference; explicitFileType = wrapper.application; includeInIndex = 0; path = authdemo1.app; sourceTree = BUILT_PRODUCTS_DIR; };
		BAE275EF201E1EE000D2CB29 /* AppDelegate.swift */ = {isa = PBXFileReference; lastKnownFileType = sourcecode.swift; path = AppDelegate.swift; sourceTree = "<group>"; };
		BAE275F1201E1EE000D2CB29 /* ViewController.swift */ = {isa = PBXFileReference; lastKnownFileType = sourcecode.swift; path = ViewController.swift; sourceTree = "<group>"; };
		BAE275F4201E1EE000D2CB29 /* Base */ = {isa = PBXFileReference; lastKnownFileType = file.storyboard; name = Base; path = Base.lproj/Main.storyboard; sourceTree = "<group>"; };
		BAE275F7201E1EE000D2CB29 /* authdemo1.xcdatamodel */ = {isa = PBXFileReference; lastKnownFileType = wrapper.xcdatamodel; path = authdemo1.xcdatamodel; sourceTree = "<group>"; };
		BAE275F9201E1EE000D2CB29 /* Assets.xcassets */ = {isa = PBXFileReference; lastKnownFileType = folder.assetcatalog; path = Assets.xcassets; sourceTree = "<group>"; };
		BAE275FC201E1EE000D2CB29 /* Base */ = {isa = PBXFileReference; lastKnownFileType = file.storyboard; name = Base; path = Base.lproj/LaunchScreen.storyboard; sourceTree = "<group>"; };
		BAE275FE201E1EE000D2CB29 /* Info.plist */ = {isa = PBXFileReference; lastKnownFileType = text.plist.xml; path = Info.plist; sourceTree = "<group>"; };
/* End PBXFileReference section */

/* Begin PBXFrameworksBuildPhase section */
		BAE275E9201E1EE000D2CB29 /* Frameworks */ = {
			isa = PBXFrameworksBuildPhase;
			buildActionMask = 2147483647;
			files = (
			);
			runOnlyForDeploymentPostprocessing = 0;
		};
/* End PBXFrameworksBuildPhase section */

/* Begin PBXGroup section */
		BAE275E3201E1EE000D2CB29 = {
			isa = PBXGroup;
			children = (
				BAE275EE201E1EE000D2CB29 /* authdemo1 */,
				BAE275ED201E1EE000D2CB29 /* Products */,
			);
			sourceTree = "<group>";
		};
		BAE275ED201E1EE000D2CB29 /* Products */ = {
			isa = PBXGroup;
			children = (
				BAE275EC201E1EE000D2CB29 /* authdemo1.app */,
			);
			name = Products;
			sourceTree = "<group>";
		};
		BAE275EE201E1EE000D2CB29 /* authdemo1 */ = {
			isa = PBXGroup;
			children = (
				BAE275EF201E1EE000D2CB29 /* AppDelegate.swift */,
				BAE275F1201E1EE000D2CB29 /* ViewController.swift */,
				BAE275F3201E1EE000D2CB29 /* Main.storyboard */,
				BAE275F9201E1EE000D2CB29 /* Assets.xcassets */,
				BAE275FB201E1EE000D2CB29 /* LaunchScreen.storyboard */,
				BAE275FE201E1EE000D2CB29 /* Info.plist */,
				BAE275F6201E1EE000D2CB29 /* authdemo1.xcdatamodeld */,
			);
			path = authdemo1;
			sourceTree = "<group>";
		};
/* End PBXGroup section */

/* Begin PBXNativeTarget section */
		BAE275EB201E1EE000D2CB29 /* authdemo1 */ = {
			isa = PBXNativeTarget;
			buildConfigurationList = BAE27601201E1EE000D2CB29 /* Build configuration list for PBXNativeTarget "authdemo1" */;
			buildPhases = (
				BAE275E8201E1EE000D2CB29 /* Sources */,
				BAE275E9201E1EE000D2CB29 /* Frameworks */,
				BAE275EA201E1EE000D2CB29 /* Resources */,
			);
			buildRules = (
			);
			dependencies = (
			);
			name = authdemo1;
			productName = authdemo1;
			productReference = BAE275EC201E1EE000D2CB29 /* authdemo1.app */;
			productType = "com.apple.product-type.application";
		};
/* End PBXNativeTarget section */

/* Begin PBXProject section */
		BAE275E4201E1EE000D2CB29 /* Project object */ = {
			isa = PBXProject;
			attributes = {
				LastSwiftUpdateCheck = 0920;
				LastUpgradeCheck = 0920;
				ORGANIZATIONNAME = "申潤五";
				TargetAttributes = {
					BAE275EB201E1EE000D2CB29 = {
						CreatedOnToolsVersion = 9.2;
						ProvisioningStyle = Automatic;
					};
				};
			};
			buildConfigurationList = BAE275E7201E1EE000D2CB29 /* Build configuration list for PBXProject "authdemo1" */;
			compatibilityVersion = "Xcode 8.0";
			developmentRegion = en;
			hasScannedForEncodings = 0;
			knownRegions = (
				en,
				Base,
			);
			mainGroup = BAE275E3201E1EE000D2CB29;
			productRefGroup = BAE275ED201E1EE000D2CB29 /* Products */;
			projectDirPath = "";
			projectRoot = "";
			targets = (
				BAE275EB201E1EE000D2CB29 /* authdemo1 */,
			);
		};
/* End PBXProject section */

/* Begin PBXResourcesBuildPhase section */
		BAE275EA201E1EE000D2CB29 /* Resources */ = {
			isa = PBXResourcesBuildPhase;
			buildActionMask = 2147483647;
			files = (
				BAE275FD201E1EE000D2CB29 /* LaunchScreen.storyboard in Resources */,
				BAE275FA201E1EE000D2CB29 /* Assets.xcassets in Resources */,
				BAE275F5201E1EE000D2CB29 /* Main.storyboard in Resources */,
			);
			runOnlyForDeploymentPostprocessing = 0;
		};
/* End PBXResourcesBuildPhase section */

/* Begin PBXSourcesBuildPhase section */
		BAE275E8201E1EE000D2CB29 /* Sources */ = {
			isa = PBXSourcesBuildPhase;
			buildActionMask = 2147483647;
			files = (
				BAE275F2201E1EE000D2CB29 /* ViewController.swift in Sources */,
				BAE275F0201E1EE000D2CB29 /* AppDelegate.swift in Sources */,
				BAE275F8201E1EE000D2CB29 /* authdemo1.xcdatamodeld in Sources */,
			);
			runOnlyForDeploymentPostprocessing = 0;
		};
/* End PBXSourcesBuildPhase section */

/* Begin PBXVariantGroup section */
		BAE275F3201E1EE000D2CB29 /* Main.storyboard */ = {
			isa = PBXVariantGroup;
			children = (
				BAE275F4201E1EE000D2CB29 /* Base */,
			);
			name = Main.storyboard;
			sourceTree = "<group>";
		};
		BAE275FB201E1EE000D2CB29 /* LaunchScreen.storyboard */ = {
			isa = PBXVariantGroup;
			children = (
				BAE275FC201E1EE000D2CB29 /* Base */,
			);
			name = LaunchScreen.storyboard;
			sourceTree = "<group>";
		};
/* End PBXVariantGroup section */

/* Begin XCBuildConfiguration section */
		BAE275FF201E1EE000D2CB29 /* Debug */ = {
			isa = XCBuildConfiguration;
			buildSettings = {
				ALWAYS_SEARCH_USER_PATHS = NO;
				CLANG_ANALYZER_NONNULL = YES;
				CLANG_ANALYZER_NUMBER_OBJECT_CONVERSION = YES_AGGRESSIVE;
				CLANG_CXX_LANGUAGE_STANDARD = "gnu++14";
				CLANG_CXX_LIBRARY = "libc++";
				CLANG_ENABLE_MODULES = YES;
				CLANG_ENABLE_OBJC_ARC = YES;
				CLANG_WARN_BLOCK_CAPTURE_AUTORELEASING = YES;
				CLANG_WARN_BOOL_CONVERSION = YES;
				CLANG_WARN_COMMA = YES;
				CLANG_WARN_CONSTANT_CONVERSION = YES;
				CLANG_WARN_DIRECT_OBJC_ISA_USAGE = YES_ERROR;
				CLANG_WARN_DOCUMENTATION_COMMENTS = YES;
				CLANG_WARN_EMPTY_BODY = YES;
				CLANG_WARN_ENUM_CONVERSION = YES;
				CLANG_WARN_INFINITE_RECURSION = YES;
				CLANG_WARN_INT_CONVERSION = YES;
				CLANG_WARN_NON_LITERAL_NULL_CONVERSION = YES;
				CLANG_WARN_OBJC_LITERAL_CONVERSION = YES;
				CLANG_WARN_OBJC_ROOT_CLASS = YES_ERROR;
				CLANG_WARN_RANGE_LOOP_ANALYSIS = YES;
				CLANG_WARN_STRICT_PROTOTYPES = YES;
				CLANG_WARN_SUSPICIOUS_MOVE = YES;
				CLANG_WARN_UNGUARDED_AVAILABILITY = YES_AGGRESSIVE;
				CLANG_WARN_UNREACHABLE_CODE = YES;
				CLANG_WARN__DUPLICATE_METHOD_MATCH = YES;
				CODE_SIGN_IDENTITY = "iPhone Developer";
				COPY_PHASE_STRIP = NO;
				DEBUG_INFORMATION_FORMAT = dwarf;
				ENABLE_STRICT_OBJC_MSGSEND = YES;
				ENABLE_TESTABILITY = YES;
				GCC_C_LANGUAGE_STANDARD = gnu11;
				GCC_DYNAMIC_NO_PIC = NO;
				GCC_NO_COMMON_BLOCKS = YES;
				GCC_OPTIMIZATION_LEVEL = 0;
				GCC_PREPROCESSOR_DEFINITIONS = (
					"DEBUG=1",
					"$(inherited)",
				);
				GCC_WARN_64_TO_32_BIT_CONVERSION = YES;
				GCC_WARN_ABOUT_RETURN_TYPE = YES_ERROR;
				GCC_WARN_UNDECLARED_SELECTOR = YES;
				GCC_WARN_UNINITIALIZED_AUTOS = YES_AGGRESSIVE;
				GCC_WARN_UNUSED_FUNCTION = YES;
				GCC_WARN_UNUSED_VARIABLE = YES;
				IPHONEOS_DEPLOYMENT_TARGET = 11.2;
				MTL_ENABLE_DEBUG_INFO = YES;
				ONLY_ACTIVE_ARCH = YES;
				SDKROOT = iphoneos;
				SWIFT_ACTIVE_COMPILATION_CONDITIONS = DEBUG;
				SWIFT_OPTIMIZATION_LEVEL = "-Onone";
			};
			name = Debug;
		};
		BAE27600201E1EE000D2CB29 /* Release */ = {
			isa = XCBuildConfiguration;
			buildSettings = {
				ALWAYS_SEARCH_USER_PATHS = NO;
				CLANG_ANALYZER_NONNULL = YES;
				CLANG_ANALYZER_NUMBER_OBJECT_CONVERSION = YES_AGGRESSIVE;
				CLANG_CXX_LANGUAGE_STANDARD = "gnu++14";
				CLANG_CXX_LIBRARY = "libc++";
				CLANG_ENABLE_MODULES = YES;
				CLANG_ENABLE_OBJC_ARC = YES;
				CLANG_WARN_BLOCK_CAPTURE_AUTORELEASING = YES;
				CLANG_WARN_BOOL_CONVERSION = YES;
				CLANG_WARN_COMMA = YES;
				CLANG_WARN_CONSTANT_CONVERSION = YES;
				CLANG_WARN_DIRECT_OBJC_ISA_USAGE = YES_ERROR;
				CLANG_WARN_DOCUMENTATION_COMMENTS = YES;
				CLANG_WARN_EMPTY_BODY = YES;
				CLANG_WARN_ENUM_CONVERSION = YES;
				CLANG_WARN_INFINITE_RECURSION = YES;
				CLANG_WARN_INT_CONVERSION = YES;
				CLANG_WARN_NON_LITERAL_NULL_CONVERSION = YES;
				CLANG_WARN_OBJC_LITERAL_CONVERSION = YES;
				CLANG_WARN_OBJC_ROOT_CLASS = YES_ERROR;
				CLANG_WARN_RANGE_LOOP_ANALYSIS = YES;
				CLANG_WARN_STRICT_PROTOTYPES = YES;
				CLANG_WARN_SUSPICIOUS_MOVE = YES;
				CLANG_WARN_UNGUARDED_AVAILABILITY = YES_AGGRESSIVE;
				CLANG_WARN_UNREACHABLE_CODE = YES;
				CLANG_WARN__DUPLICATE_METHOD_MATCH = YES;
				CODE_SIGN_IDENTITY = "iPhone Developer";
				COPY_PHASE_STRIP = NO;
				DEBUG_INFORMATION_FORMAT = "dwarf-with-dsym";
				ENABLE_NS_ASSERTIONS = NO;
				ENABLE_STRICT_OBJC_MSGSEND = YES;
				GCC_C_LANGUAGE_STANDARD = gnu11;
				GCC_NO_COMMON_BLOCKS = YES;
				GCC_WARN_64_TO_32_BIT_CONVERSION = YES;
				GCC_WARN_ABOUT_RETURN_TYPE = YES_ERROR;
				GCC_WARN_UNDECLARED_SELECTOR = YES;
				GCC_WARN_UNINITIALIZED_AUTOS = YES_AGGRESSIVE;
				GCC_WARN_UNUSED_FUNCTION = YES;
				GCC_WARN_UNUSED_VARIABLE = YES;
				IPHONEOS_DEPLOYMENT_TARGET = 11.2;
				MTL_ENABLE_DEBUG_INFO = NO;
				SDKROOT = iphoneos;
				SWIFT_OPTIMIZATION_LEVEL = "-Owholemodule";
				VALIDATE_PRODUCT = YES;
			};
			name = Release;
		};
		BAE27602201E1EE000D2CB29 /* Debug */ = {
			isa = XCBuildConfiguration;
			buildSettings = {
				ASSETCATALOG_COMPILER_APPICON_NAME = AppIcon;
				CODE_SIGN_STYLE = Automatic;
				DEVELOPMENT_TEAM = XSVW22JPST;
				INFOPLIST_FILE = authdemo1/Info.plist;
				LD_RUNPATH_SEARCH_PATHS = "$(inherited) @executable_path/Frameworks";
				PRODUCT_BUNDLE_IDENTIFIER = idv.sjw.authdemo1;
				PRODUCT_NAME = "$(TARGET_NAME)";
				SWIFT_VERSION = 4.0;
				TARGETED_DEVICE_FAMILY = "1,2";
			};
			name = Debug;
		};
		BAE27603201E1EE000D2CB29 /* Release */ = {
			isa = XCBuildConfiguration;
			buildSettings = {
				ASSETCATALOG_COMPILER_APPICON_NAME = AppIcon;
				CODE_SIGN_STYLE = Automatic;
				DEVELOPMENT_TEAM = XSVW22JPST;
				INFOPLIST_FILE = authdemo1/Info.plist;
				LD_RUNPATH_SEARCH_PATHS = "$(inherited) @executable_path/Frameworks";
				PRODUCT_BUNDLE_IDENTIFIER = idv.sjw.authdemo1;
				PRODUCT_NAME = "$(TARGET_NAME)";
				SWIFT_VERSION = 4.0;
				TARGETED_DEVICE_FAMILY = "1,2";
			};
			name = Release;
		};
/* End XCBuildConfiguration section */

/* Begin XCConfigurationList section */
		BAE275E7201E1EE000D2CB29 /* Build configuration list for PBXProject "authdemo1" */ = {
			isa = XCConfigurationList;
			buildConfigurations = (
				BAE275FF201E1EE000D2CB29 /* Debug */,
				BAE27600201E1EE000D2CB29 /* Release */,
			);
			defaultConfigurationIsVisible = 0;
			defaultConfigurationName = Release;
		};
		BAE27601201E1EE000D2CB29 /* Build configuration list for PBXNativeTarget "authdemo1" */ = {
			isa = XCConfigurationList;
			buildConfigurations = (
				BAE27602201E1EE000D2CB29 /* Debug */,
				BAE27603201E1EE000D2CB29 /* Release */,
			);
			defaultConfigurationIsVisible = 0;
			defaultConfigurationName = Release;
		};
/* End XCConfigurationList section */

/* Begin XCVersionGroup section */
		BAE275F6201E1EE000D2CB29 /* authdemo1.xcdatamodeld */ = {
			isa = XCVersionGroup;
			children = (
				BAE275F7201E1EE000D2CB29 /* authdemo1.xcdatamodel */,
			);
			currentVersion = BAE275F7201E1EE000D2CB29 /* authdemo1.xcdatamodel */;
			path = authdemo1.xcdatamodeld;
			sourceTree = "<group>";
			versionGroupType = wrapper.xcdatamodel;
		};
/* End XCVersionGroup section */
	};
	rootObject = BAE275E4201E1EE000D2CB29 /* Project object */;
}
